
Microsoft Visual Studio Solution File, Format Version 12.00
# Visual Studio Version 16
VisualStudioVersion = 16.0.31112.23
MinimumVisualStudioVersion = 10.0.40219.1
Project("{9A19103F-16F7-4668-BE54-9A1E7A4F7556}") = "AccelerateApp.Repository.Interface", "AccelerateApp.Repository.Interface\AccelerateApp.Repository.Interface.csproj", "{19AB4A6A-820A-4519-A079-A8F474E4D368}"
EndProject
Project("{9A19103F-16F7-4668-BE54-9A1E7A4F7556}") = "AccelerateApp.Repository", "AccelerateApp.Repository\AccelerateApp.Repository.csproj", "{EF303315-A9C3-4235-8E24-CD6CEE05999D}"
EndProject
Project("{9A19103F-16F7-4668-BE54-9A1E7A4F7556}") = "AccelerateApp.Entities", "AccelerateApp.Entities\AccelerateApp.Entities.csproj", "{4CD1462D-FB91-4901-8EC0-F1DC04DF4748}"
EndProject
Project("{9A19103F-16F7-4668-BE54-9A1E7A4F7556}") = "AccelerateApp.DBLayer.Interface", "AccelerateApp.DBLayer.Interface\AccelerateApp.DBLayer.Interface.csproj", "{15E9A2CF-D8CF-4E48-B0E5-8F00091B1177}"
EndProject
Project("{9A19103F-16F7-4668-BE54-9A1E7A4F7556}") = "AccelerateApp.DBLayer", "AccelerateApp.DBLayer\AccelerateApp.DBLayer.csproj", "{37088636-9BB3-42A1-9662-C36E9DEAE24B}"
EndProject
Project("{9A19103F-16F7-4668-BE54-9A1E7A4F7556}") = "AccelerateApp.Business.Interface", "AccelerateApp.Business.Interface\AccelerateApp.Business.Interface.csproj", "{9DD52232-234C-4333-8734-E73D61605552}"
EndProject
Project("{9A19103F-16F7-4668-BE54-9A1E7A4F7556}") = "AccelerateApp.Business", "AccelerateApp.Business\AccelerateApp.Business.csproj", "{C0310651-2B01-45A2-A451-CB4E00F8094F}"
EndProject
Project("{9A19103F-16F7-4668-BE54-9A1E7A4F7556}") = "AccelerateApp.API", "AccelerateApp.API\AccelerateApp.API.csproj", "{FB44F972-37A8-4299-A905-944473B602DC}"
EndProject
Project("{9A19103F-16F7-4668-BE54-9A1E7A4F7556}") = "AccelerateAppLambda", "AccelerateAppLambda\AccelerateAppLambda.csproj", "{AB140BBD-63DC-4621-A5B7-A0F3655B6C23}"
EndProject
Project("{9A19103F-16F7-4668-BE54-9A1E7A4F7556}") = "AccelerateAppLambda.Tests", "AccelerateAppLambda.Tests\AccelerateAppLambda.Tests.csproj", "{D98D3309-25CF-4EE0-9E69-A8DE1BFDC853}"
EndProject
Global
	GlobalSection(SolutionConfigurationPlatforms) = preSolution
		Debug|Any CPU = Debug|Any CPU
		Release|Any CPU = Release|Any CPU
	EndGlobalSection
	GlobalSection(ProjectConfigurationPlatforms) = postSolution
		{19AB4A6A-820A-4519-A079-A8F474E4D368}.Debug|Any CPU.ActiveCfg = Debug|Any CPU
		{19AB4A6A-820A-4519-A079-A8F474E4D368}.Debug|Any CPU.Build.0 = Debug|Any CPU
		{19AB4A6A-820A-4519-A079-A8F474E4D368}.Release|Any CPU.ActiveCfg = Release|Any CPU
		{19AB4A6A-820A-4519-A079-A8F474E4D368}.Release|Any CPU.Build.0 = Release|Any CPU
		{EF303315-A9C3-4235-8E24-CD6CEE05999D}.Debug|Any CPU.ActiveCfg = Debug|Any CPU
		{EF303315-A9C3-4235-8E24-CD6CEE05999D}.Debug|Any CPU.Build.0 = Debug|Any CPU
		{EF303315-A9C3-4235-8E24-CD6CEE05999D}.Release|Any CPU.ActiveCfg = Release|Any CPU
		{EF303315-A9C3-4235-8E24-CD6CEE05999D}.Release|Any CPU.Build.0 = Release|Any CPU
		{4CD1462D-FB91-4901-8EC0-F1DC04DF4748}.Debug|Any CPU.ActiveCfg = Debug|Any CPU
		{4CD1462D-FB91-4901-8EC0-F1DC04DF4748}.Debug|Any CPU.Build.0 = Debug|Any CPU
		{4CD1462D-FB91-4901-8EC0-F1DC04DF4748}.Release|Any CPU.ActiveCfg = Release|Any CPU
		{4CD1462D-FB91-4901-8EC0-F1DC04DF4748}.Release|Any CPU.Build.0 = Release|Any CPU
		{15E9A2CF-D8CF-4E48-B0E5-8F00091B1177}.Debug|Any CPU.ActiveCfg = Debug|Any CPU
		{15E9A2CF-D8CF-4E48-B0E5-8F00091B1177}.Debug|Any CPU.Build.0 = Debug|Any CPU
		{15E9A2CF-D8CF-4E48-B0E5-8F00091B1177}.Release|Any CPU.ActiveCfg = Release|Any CPU
		{15E9A2CF-D8CF-4E48-B0E5-8F00091B1177}.Release|Any CPU.Build.0 = Release|Any CPU
		{37088636-9BB3-42A1-9662-C36E9DEAE24B}.Debug|Any CPU.ActiveCfg = Debug|Any CPU
		{37088636-9BB3-42A1-9662-C36E9DEAE24B}.Debug|Any CPU.Build.0 = Debug|Any CPU
		{37088636-9BB3-42A1-9662-C36E9DEAE24B}.Release|Any CPU.ActiveCfg = Release|Any CPU
		{37088636-9BB3-42A1-9662-C36E9DEAE24B}.Release|Any CPU.Build.0 = Release|Any CPU
		{9DD52232-234C-4333-8734-E73D61605552}.Debug|Any CPU.ActiveCfg = Debug|Any CPU
		{9DD52232-234C-4333-8734-E73D61605552}.Debug|Any CPU.Build.0 = Debug|Any CPU
		{9DD52232-234C-4333-8734-E73D61605552}.Release|Any CPU.ActiveCfg = Release|Any CPU
		{9DD52232-234C-4333-8734-E73D61605552}.Release|Any CPU.Build.0 = Release|Any CPU
		{C0310651-2B01-45A2-A451-CB4E00F8094F}.Debug|Any CPU.ActiveCfg = Debug|Any CPU
		{C0310651-2B01-45A2-A451-CB4E00F8094F}.Debug|Any CPU.Build.0 = Debug|Any CPU
		{C0310651-2B01-45A2-A451-CB4E00F8094F}.Release|Any CPU.ActiveCfg = Release|Any CPU
		{C0310651-2B01-45A2-A451-CB4E00F8094F}.Release|Any CPU.Build.0 = Release|Any CPU
		{FB44F972-37A8-4299-A905-944473B602DC}.Debug|Any CPU.ActiveCfg = Debug|Any CPU
		{FB44F972-37A8-4299-A905-944473B602DC}.Debug|Any CPU.Build.0 = Debug|Any CPU
		{FB44F972-37A8-4299-A905-944473B602DC}.Release|Any CPU.ActiveCfg = Release|Any CPU
		{FB44F972-37A8-4299-A905-944473B602DC}.Release|Any CPU.Build.0 = Release|Any CPU
		{AB140BBD-63DC-4621-A5B7-A0F3655B6C23}.Debug|Any CPU.ActiveCfg = Debug|Any CPU
		{AB140BBD-63DC-4621-A5B7-A0F3655B6C23}.Debug|Any CPU.Build.0 = Debug|Any CPU
		{AB140BBD-63DC-4621-A5B7-A0F3655B6C23}.Release|Any CPU.ActiveCfg = Release|Any CPU
		{AB140BBD-63DC-4621-A5B7-A0F3655B6C23}.Release|Any CPU.Build.0 = Release|Any CPU
		{D98D3309-25CF-4EE0-9E69-A8DE1BFDC853}.Debug|Any CPU.ActiveCfg = Debug|Any CPU
		{D98D3309-25CF-4EE0-9E69-A8DE1BFDC853}.Debug|Any CPU.Build.0 = Debug|Any CPU
		{D98D3309-25CF-4EE0-9E69-A8DE1BFDC853}.Release|Any CPU.ActiveCfg = Release|Any CPU
		{D98D3309-25CF-4EE0-9E69-A8DE1BFDC853}.Release|Any CPU.Build.0 = Release|Any CPU
	EndGlobalSection
	GlobalSection(SolutionProperties) = preSolution
		HideSolutionNode = FALSE
	EndGlobalSection
	GlobalSection(ExtensibilityGlobals) = postSolution
		SolutionGuid = {6DDAF62B-4E46-49D0-8BF4-D9864152E369}
	EndGlobalSection
EndGlobal
